
Microsoft Visual Studio Solution File, Format Version 12.00
# Visual Studio Version 17
VisualStudioVersion = 17.0.32014.148
MinimumVisualStudioVersion = 10.0.40219.1
Project("{FAE04EC0-301F-11D3-BF4B-00C04F79EFBC}") = "day14", "day14\day14.csproj", "{CDFC391D-0653-484A-BEFA-F6E55195B75C}"
EndProject
Global
	GlobalSection(SolutionConfigurationPlatforms) = preSolution
		Debug|Any CPU = Debug|Any CPU
		Release|Any CPU = Release|Any CPU
	EndGlobalSection
	GlobalSection(ProjectConfigurationPlatforms) = postSolution
		{CDFC391D-0653-484A-BEFA-F6E55195B75C}.Debug|Any CPU.ActiveCfg = Debug|Any CPU
		{CDFC391D-0653-484A-BEFA-F6E55195B75C}.Debug|Any CPU.Build.0 = Debug|Any CPU
		{CDFC391D-0653-484A-BEFA-F6E55195B75C}.Release|Any CPU.ActiveCfg = Release|Any CPU
		{CDFC391D-0653-484A-BEFA-F6E55195B75C}.Release|Any CPU.Build.0 = Release|Any CPU
	EndGlobalSection
	GlobalSection(SolutionProperties) = preSolution
		HideSolutionNode = FALSE
	EndGlobalSection
	GlobalSection(ExtensibilityGlobals) = postSolution
		SolutionGuid = {2B5F3732-D65C-44C4-A920-503D999E7B38}
	EndGlobalSection
EndGlobal
